// !$*UTF8*$!
{
	archiveVersion = 1;
	classes = {
	};
	objectVersion = 50;
	objects = {

/* Begin PBXBuildFile section */
		10221C6824F5E70600322EC2 /* AppDelegate.swift in Sources */ = {isa = PBXBuildFile; fileRef = 10221C6724F5E70600322EC2 /* AppDelegate.swift */; };
		10221C6A24F5E70600322EC2 /* SceneDelegate.swift in Sources */ = {isa = PBXBuildFile; fileRef = 10221C6924F5E70600322EC2 /* SceneDelegate.swift */; };
		10221C6C24F5E70600322EC2 /* ViewController.swift in Sources */ = {isa = PBXBuildFile; fileRef = 10221C6B24F5E70600322EC2 /* ViewController.swift */; };
		10221C6F24F5E70600322EC2 /* Main.storyboard in Resources */ = {isa = PBXBuildFile; fileRef = 10221C6D24F5E70600322EC2 /* Main.storyboard */; };
		10221C7124F5E70700322EC2 /* Assets.xcassets in Resources */ = {isa = PBXBuildFile; fileRef = 10221C7024F5E70700322EC2 /* Assets.xcassets */; };
		10221C7424F5E70700322EC2 /* LaunchScreen.storyboard in Resources */ = {isa = PBXBuildFile; fileRef = 10221C7224F5E70700322EC2 /* LaunchScreen.storyboard */; };
		10221C7F24F5E70700322EC2 /* tipTests.swift in Sources */ = {isa = PBXBuildFile; fileRef = 10221C7E24F5E70700322EC2 /* tipTests.swift */; };
		10221C8A24F5E70800322EC2 /* tipUITests.swift in Sources */ = {isa = PBXBuildFile; fileRef = 10221C8924F5E70800322EC2 /* tipUITests.swift */; };
/* End PBXBuildFile section */

/* Begin PBXContainerItemProxy section */
		10221C7B24F5E70700322EC2 /* PBXContainerItemProxy */ = {
			isa = PBXContainerItemProxy;
			containerPortal = 10221C5C24F5E70600322EC2 /* Project object */;
			proxyType = 1;
			remoteGlobalIDString = 10221C6324F5E70600322EC2;
			remoteInfo = tip;
		};
		10221C8624F5E70800322EC2 /* PBXContainerItemProxy */ = {
			isa = PBXContainerItemProxy;
			containerPortal = 10221C5C24F5E70600322EC2 /* Project object */;
			proxyType = 1;
			remoteGlobalIDString = 10221C6324F5E70600322EC2;
			remoteInfo = tip;
		};
/* End PBXContainerItemProxy section */

/* Begin PBXFileReference section */
		10221C6424F5E70600322EC2 /* tip.app */ = {isa = PBXFileReference; explicitFileType = wrapper.application; includeInIndex = 0; path = tip.app; sourceTree = BUILT_PRODUCTS_DIR; };
		10221C6724F5E70600322EC2 /* AppDelegate.swift */ = {isa = PBXFileReference; lastKnownFileType = sourcecode.swift; path = AppDelegate.swift; sourceTree = "<group>"; };
		10221C6924F5E70600322EC2 /* SceneDelegate.swift */ = {isa = PBXFileReference; lastKnownFileType = sourcecode.swift; path = SceneDelegate.swift; sourceTree = "<group>"; };
		10221C6B24F5E70600322EC2 /* ViewController.swift */ = {isa = PBXFileReference; lastKnownFileType = sourcecode.swift; path = ViewController.swift; sourceTree = "<group>"; };
		10221C6E24F5E70600322EC2 /* Base */ = {isa = PBXFileReference; lastKnownFileType = file.storyboard; name = Base; path = Base.lproj/Main.storyboard; sourceTree = "<group>"; };
		10221C7024F5E70700322EC2 /* Assets.xcassets */ = {isa = PBXFileReference; lastKnownFileType = folder.assetcatalog; path = Assets.xcassets; sourceTree = "<group>"; };
		10221C7324F5E70700322EC2 /* Base */ = {isa = PBXFileReference; lastKnownFileType = file.storyboard; name = Base; path = Base.lproj/LaunchScreen.storyboard; sourceTree = "<group>"; };
		10221C7524F5E70700322EC2 /* Info.plist */ = {isa = PBXFileReference; lastKnownFileType = text.plist.xml; path = Info.plist; sourceTree = "<group>"; };
		10221C7A24F5E70700322EC2 /* tipTests.xctest */ = {isa = PBXFileReference; explicitFileType = wrapper.cfbundle; includeInIndex = 0; path = tipTests.xctest; sourceTree = BUILT_PRODUCTS_DIR; };
		10221C7E24F5E70700322EC2 /* tipTests.swift */ = {isa = PBXFileReference; lastKnownFileType = sourcecode.swift; path = tipTests.swift; sourceTree = "<group>"; };
		10221C8024F5E70700322EC2 /* Info.plist */ = {isa = PBXFileReference; lastKnownFileType = text.plist.xml; path = Info.plist; sourceTree = "<group>"; };
		10221C8524F5E70800322EC2 /* tipUITests.xctest */ = {isa = PBXFileReference; explicitFileType = wrapper.cfbundle; includeInIndex = 0; path = tipUITests.xctest; sourceTree = BUILT_PRODUCTS_DIR; };
		10221C8924F5E70800322EC2 /* tipUITests.swift */ = {isa = PBXFileReference; lastKnownFileType = sourcecode.swift; path = tipUITests.swift; sourceTree = "<group>"; };
		10221C8B24F5E70800322EC2 /* Info.plist */ = {isa = PBXFileReference; lastKnownFileType = text.plist.xml; path = Info.plist; sourceTree = "<group>"; };
/* End PBXFileReference section */

/* Begin PBXFrameworksBuildPhase section */
		10221C6124F5E70600322EC2 /* Frameworks */ = {
			isa = PBXFrameworksBuildPhase;
			buildActionMask = 2147483647;
			files = (
			);
			runOnlyForDeploymentPostprocessing = 0;
		};
		10221C7724F5E70700322EC2 /* Frameworks */ = {
			isa = PBXFrameworksBuildPhase;
			buildActionMask = 2147483647;
			files = (
			);
			runOnlyForDeploymentPostprocessing = 0;
		};
		10221C8224F5E70800322EC2 /* Frameworks */ = {
			isa = PBXFrameworksBuildPhase;
			buildActionMask = 2147483647;
			files = (
			);
			runOnlyForDeploymentPostprocessing = 0;
		};
/* End PBXFrameworksBuildPhase section */

/* Begin PBXGroup section */
		10221C5B24F5E70600322EC2 = {
			isa = PBXGroup;
			children = (
				10221C6624F5E70600322EC2 /* tip */,
				10221C7D24F5E70700322EC2 /* tipTests */,
				10221C8824F5E70800322EC2 /* tipUITests */,
				10221C6524F5E70600322EC2 /* Products */,
			);
			sourceTree = "<group>";
		};
		10221C6524F5E70600322EC2 /* Products */ = {
			isa = PBXGroup;
			children = (
				10221C6424F5E70600322EC2 /* tip.app */,
				10221C7A24F5E70700322EC2 /* tipTests.xctest */,
				10221C8524F5E70800322EC2 /* tipUITests.xctest */,
			);
			name = Products;
			sourceTree = "<group>";
		};
		10221C6624F5E70600322EC2 /* tip */ = {
			isa = PBXGroup;
			children = (
				10221C6724F5E70600322EC2 /* AppDelegate.swift */,
				10221C6924F5E70600322EC2 /* SceneDelegate.swift */,
				10221C6B24F5E70600322EC2 /* ViewController.swift */,
				10221C6D24F5E70600322EC2 /* Main.storyboard */,
				10221C7024F5E70700322EC2 /* Assets.xcassets */,
				10221C7224F5E70700322EC2 /* LaunchScreen.storyboard */,
				10221C7524F5E70700322EC2 /* Info.plist */,
			);
			path = tip;
			sourceTree = "<group>";
		};
		10221C7D24F5E70700322EC2 /* tipTests */ = {
			isa = PBXGroup;
			children = (
				10221C7E24F5E70700322EC2 /* tipTests.swift */,
				10221C8024F5E70700322EC2 /* Info.plist */,
			);
			path = tipTests;
			sourceTree = "<group>";
		};
		10221C8824F5E70800322EC2 /* tipUITests */ = {
			isa = PBXGroup;
			children = (
				10221C8924F5E70800322EC2 /* tipUITests.swift */,
				10221C8B24F5E70800322EC2 /* Info.plist */,
			);
			path = tipUITests;
			sourceTree = "<group>";
		};
/* End PBXGroup section */

/* Begin PBXNativeTarget section */
		10221C6324F5E70600322EC2 /* tip */ = {
			isa = PBXNativeTarget;
			buildConfigurationList = 10221C8E24F5E70800322EC2 /* Build configuration list for PBXNativeTarget "tip" */;
			buildPhases = (
				10221C6024F5E70600322EC2 /* Sources */,
				10221C6124F5E70600322EC2 /* Frameworks */,
				10221C6224F5E70600322EC2 /* Resources */,
			);
			buildRules = (
			);
			dependencies = (
			);
			name = tip;
			productName = tip;
			productReference = 10221C6424F5E70600322EC2 /* tip.app */;
			productType = "com.apple.product-type.application";
		};
		10221C7924F5E70700322EC2 /* tipTests */ = {
			isa = PBXNativeTarget;
			buildConfigurationList = 10221C9124F5E70800322EC2 /* Build configuration list for PBXNativeTarget "tipTests" */;
			buildPhases = (
				10221C7624F5E70700322EC2 /* Sources */,
				10221C7724F5E70700322EC2 /* Frameworks */,
				10221C7824F5E70700322EC2 /* Resources */,
			);
			buildRules = (
			);
			dependencies = (
				10221C7C24F5E70700322EC2 /* PBXTargetDependency */,
			);
			name = tipTests;
			productName = tipTests;
			productReference = 10221C7A24F5E70700322EC2 /* tipTests.xctest */;
			productType = "com.apple.product-type.bundle.unit-test";
		};
		10221C8424F5E70800322EC2 /* tipUITests */ = {
			isa = PBXNativeTarget;
			buildConfigurationList = 10221C9424F5E70800322EC2 /* Build configuration list for PBXNativeTarget "tipUITests" */;
			buildPhases = (
				10221C8124F5E70800322EC2 /* Sources */,
				10221C8224F5E70800322EC2 /* Frameworks */,
				10221C8324F5E70800322EC2 /* Resources */,
			);
			buildRules = (
			);
			dependencies = (
				10221C8724F5E70800322EC2 /* PBXTargetDependency */,
			);
			name = tipUITests;
			productName = tipUITests;
			productReference = 10221C8524F5E70800322EC2 /* tipUITests.xctest */;
			productType = "com.apple.product-type.bundle.ui-testing";
		};
/* End PBXNativeTarget section */

/* Begin PBXProject section */
		10221C5C24F5E70600322EC2 /* Project object */ = {
			isa = PBXProject;
			attributes = {
				LastSwiftUpdateCheck = 1160;
				LastUpgradeCheck = 1160;
				ORGANIZATIONNAME = Codepath;
				TargetAttributes = {
					10221C6324F5E70600322EC2 = {
						CreatedOnToolsVersion = 11.6;
					};
					10221C7924F5E70700322EC2 = {
						CreatedOnToolsVersion = 11.6;
						TestTargetID = 10221C6324F5E70600322EC2;
					};
					10221C8424F5E70800322EC2 = {
						CreatedOnToolsVersion = 11.6;
						TestTargetID = 10221C6324F5E70600322EC2;
					};
				};
			};
			buildConfigurationList = 10221C5F24F5E70600322EC2 /* Build configuration list for PBXProject "tip" */;
			compatibilityVersion = "Xcode 9.3";
			developmentRegion = en;
			hasScannedForEncodings = 0;
			knownRegions = (
				en,
				Base,
			);
			mainGroup = 10221C5B24F5E70600322EC2;
			productRefGroup = 10221C6524F5E70600322EC2 /* Products */;
			projectDirPath = "";
			projectRoot = "";
			targets = (
				10221C6324F5E70600322EC2 /* tip */,
				10221C7924F5E70700322EC2 /* tipTests */,
				10221C8424F5E70800322EC2 /* tipUITests */,
			);
		};
/* End PBXProject section */

/* Begin PBXResourcesBuildPhase section */
		10221C6224F5E70600322EC2 /* Resources */ = {
			isa = PBXResourcesBuildPhase;
			buildActionMask = 2147483647;
			files = (
				10221C7424F5E70700322EC2 /* LaunchScreen.storyboard in Resources */,
				10221C7124F5E70700322EC2 /* Assets.xcassets in Resources */,
				10221C6F24F5E70600322EC2 /* Main.storyboard in Resources */,
			);
			runOnlyForDeploymentPostprocessing = 0;
		};
		10221C7824F5E70700322EC2 /* Resources */ = {
			isa = PBXResourcesBuildPhase;
			buildActionMask = 2147483647;
			files = (
			);
			runOnlyForDeploymentPostprocessing = 0;
		};
		10221C8324F5E70800322EC2 /* Resources */ = {
			isa = PBXResourcesBuildPhase;
			buildActionMask = 2147483647;
			files = (
			);
			runOnlyForDeploymentPostprocessing = 0;
		};
/* End PBXResourcesBuildPhase section */

/* Begin PBXSourcesBuildPhase section */
		10221C6024F5E70600322EC2 /* Sources */ = {
			isa = PBXSourcesBuildPhase;
			buildActionMask = 2147483647;
			files = (
				10221C6C24F5E70600322EC2 /* ViewController.swift in Sources */,
				10221C6824F5E70600322EC2 /* AppDelegate.swift in Sources */,
				10221C6A24F5E70600322EC2 /* SceneDelegate.swift in Sources */,
			);
			runOnlyForDeploymentPostprocessing = 0;
		};
		10221C7624F5E70700322EC2 /* Sources */ = {
			isa = PBXSourcesBuildPhase;
			buildActionMask = 2147483647;
			files = (
				10221C7F24F5E70700322EC2 /* tipTests.swift in Sources */,
			);
			runOnlyForDeploymentPostprocessing = 0;
		};
		10221C8124F5E70800322EC2 /* Sources */ = {
			isa = PBXSourcesBuildPhase;
			buildActionMask = 2147483647;
			files = (
				10221C8A24F5E70800322EC2 /* tipUITests.swift in Sources */,
			);
			runOnlyForDeploymentPostprocessing = 0;
		};
/* End PBXSourcesBuildPhase section */

/* Begin PBXTargetDependency section */
		10221C7C24F5E70700322EC2 /* PBXTargetDependency */ = {
			isa = PBXTargetDependency;
			target = 10221C6324F5E70600322EC2 /* tip */;
			targetProxy = 10221C7B24F5E70700322EC2 /* PBXContainerItemProxy */;
		};
		10221C8724F5E70800322EC2 /* PBXTargetDependency */ = {
			isa = PBXTargetDependency;
			target = 10221C6324F5E70600322EC2 /* tip */;
			targetProxy = 10221C8624F5E70800322EC2 /* PBXContainerItemProxy */;
		};
/* End PBXTargetDependency section */

/* Begin PBXVariantGroup section */
		10221C6D24F5E70600322EC2 /* Main.storyboard */ = {
			isa = PBXVariantGroup;
			children = (
				10221C6E24F5E70600322EC2 /* Base */,
			);
			name = Main.storyboard;
			sourceTree = "<group>";
		};
		10221C7224F5E70700322EC2 /* LaunchScreen.storyboard */ = {
			isa = PBXVariantGroup;
			children = (
				10221C7324F5E70700322EC2 /* Base */,
			);
			name = LaunchScreen.storyboard;
			sourceTree = "<group>";
		};
/* End PBXVariantGroup section */

/* Begin XCBuildConfiguration section */
		10221C8C24F5E70800322EC2 /* Debug */ = {
			isa = XCBuildConfiguration;
			buildSettings = {
				ALWAYS_SEARCH_USER_PATHS = NO;
				CLANG_ANALYZER_NONNULL = YES;
				CLANG_ANALYZER_NUMBER_OBJECT_CONVERSION = YES_AGGRESSIVE;
				CLANG_CXX_LANGUAGE_STANDARD = "gnu++14";
				CLANG_CXX_LIBRARY = "libc++";
				CLANG_ENABLE_MODULES = YES;
				CLANG_ENABLE_OBJC_ARC = YES;
				CLANG_ENABLE_OBJC_WEAK = YES;
				CLANG_WARN_BLOCK_CAPTURE_AUTORELEASING = YES;
				CLANG_WARN_BOOL_CONVERSION = YES;
				CLANG_WARN_COMMA = YES;
				CLANG_WARN_CONSTANT_CONVERSION = YES;
				CLANG_WARN_DEPRECATED_OBJC_IMPLEMENTATIONS = YES;
				CLANG_WARN_DIRECT_OBJC_ISA_USAGE = YES_ERROR;
				CLANG_WARN_DOCUMENTATION_COMMENTS = YES;
				CLANG_WARN_EMPTY_BODY = YES;
				CLANG_WARN_ENUM_CONVERSION = YES;
				CLANG_WARN_INFINITE_RECURSION = YES;
				CLANG_WARN_INT_CONVERSION = YES;
				CLANG_WARN_NON_LITERAL_NULL_CONVERSION = YES;
				CLANG_WARN_OBJC_IMPLICIT_RETAIN_SELF = YES;
				CLANG_WARN_OBJC_LITERAL_CONVERSION = YES;
				CLANG_WARN_OBJC_ROOT_CLASS = YES_ERROR;
				CLANG_WARN_RANGE_LOOP_ANALYSIS = YES;
				CLANG_WARN_STRICT_PROTOTYPES = YES;
				CLANG_WARN_SUSPICIOUS_MOVE = YES;
				CLANG_WARN_UNGUARDED_AVAILABILITY = YES_AGGRESSIVE;
				CLANG_WARN_UNREACHABLE_CODE = YES;
				CLANG_WARN__DUPLICATE_METHOD_MATCH = YES;
				COPY_PHASE_STRIP = NO;
				DEBUG_INFORMATION_FORMAT = dwarf;
				ENABLE_STRICT_OBJC_MSGSEND = YES;
				ENABLE_TESTABILITY = YES;
				GCC_C_LANGUAGE_STANDARD = gnu11;
				GCC_DYNAMIC_NO_PIC = NO;
				GCC_NO_COMMON_BLOCKS = YES;
				GCC_OPTIMIZATION_LEVEL = 0;
				GCC_PREPROCESSOR_DEFINITIONS = (
					"DEBUG=1",
					"$(inherited)",
				);
				GCC_WARN_64_TO_32_BIT_CONVERSION = YES;
				GCC_WARN_ABOUT_RETURN_TYPE = YES_ERROR;
				GCC_WARN_UNDECLARED_SELECTOR = YES;
				GCC_WARN_UNINITIALIZED_AUTOS = YES_AGGRESSIVE;
				GCC_WARN_UNUSED_FUNCTION = YES;
				GCC_WARN_UNUSED_VARIABLE = YES;
				IPHONEOS_DEPLOYMENT_TARGET = 13.6;
				MTL_ENABLE_DEBUG_INFO = INCLUDE_SOURCE;
				MTL_FAST_MATH = YES;
				ONLY_ACTIVE_ARCH = YES;
				SDKROOT = iphoneos;
				SWIFT_ACTIVE_COMPILATION_CONDITIONS = DEBUG;
				SWIFT_OPTIMIZATION_LEVEL = "-Onone";
			};
			name = Debug;
		};
		10221C8D24F5E70800322EC2 /* Release */ = {
			isa = XCBuildConfiguration;
			buildSettings = {
				ALWAYS_SEARCH_USER_PATHS = NO;
				CLANG_ANALYZER_NONNULL = YES;
				CLANG_ANALYZER_NUMBER_OBJECT_CONVERSION = YES_AGGRESSIVE;
				CLANG_CXX_LANGUAGE_STANDARD = "gnu++14";
				CLANG_CXX_LIBRARY = "libc++";
				CLANG_ENABLE_MODULES = YES;
				CLANG_ENABLE_OBJC_ARC = YES;
				CLANG_ENABLE_OBJC_WEAK = YES;
				CLANG_WARN_BLOCK_CAPTURE_AUTORELEASING = YES;
				CLANG_WARN_BOOL_CONVERSION = YES;
				CLANG_WARN_COMMA = YES;
				CLANG_WARN_CONSTANT_CONVERSION = YES;
				CLANG_WARN_DEPRECATED_OBJC_IMPLEMENTATIONS = YES;
				CLANG_WARN_DIRECT_OBJC_ISA_USAGE = YES_ERROR;
				CLANG_WARN_DOCUMENTATION_COMMENTS = YES;
				CLANG_WARN_EMPTY_BODY = YES;
				CLANG_WARN_ENUM_CONVERSION = YES;
				CLANG_WARN_INFINITE_RECURSION = YES;
				CLANG_WARN_INT_CONVERSION = YES;
				CLANG_WARN_NON_LITERAL_NULL_CONVERSION = YES;
				CLANG_WARN_OBJC_IMPLICIT_RETAIN_SELF = YES;
				CLANG_WARN_OBJC_LITERAL_CONVERSION = YES;
				CLANG_WARN_OBJC_ROOT_CLASS = YES_ERROR;
				CLANG_WARN_RANGE_LOOP_ANALYSIS = YES;
				CLANG_WARN_STRICT_PROTOTYPES = YES;
				CLANG_WARN_SUSPICIOUS_MOVE = YES;
				CLANG_WARN_UNGUARDED_AVAILABILITY = YES_AGGRESSIVE;
				CLANG_WARN_UNREACHABLE_CODE = YES;
				CLANG_WARN__DUPLICATE_METHOD_MATCH = YES;
				COPY_PHASE_STRIP = NO;
				DEBUG_INFORMATION_FORMAT = "dwarf-with-dsym";
				ENABLE_NS_ASSERTIONS = NO;
				ENABLE_STRICT_OBJC_MSGSEND = YES;
				GCC_C_LANGUAGE_STANDARD = gnu11;
				GCC_NO_COMMON_BLOCKS = YES;
				GCC_WARN_64_TO_32_BIT_CONVERSION = YES;
				GCC_WARN_ABOUT_RETURN_TYPE = YES_ERROR;
				GCC_WARN_UNDECLARED_SELECTOR = YES;
				GCC_WARN_UNINITIALIZED_AUTOS = YES_AGGRESSIVE;
				GCC_WARN_UNUSED_FUNCTION = YES;
				GCC_WARN_UNUSED_VARIABLE = YES;
				IPHONEOS_DEPLOYMENT_TARGET = 13.6;
				MTL_ENABLE_DEBUG_INFO = NO;
				MTL_FAST_MATH = YES;
				SDKROOT = iphoneos;
				SWIFT_COMPILATION_MODE = wholemodule;
				SWIFT_OPTIMIZATION_LEVEL = "-O";
				VALIDATE_PRODUCT = YES;
			};
			name = Release;
		};
		10221C8F24F5E70800322EC2 /* Debug */ = {
			isa = XCBuildConfiguration;
			buildSettings = {
				ASSETCATALOG_COMPILER_APPICON_NAME = AppIcon;
				CODE_SIGN_STYLE = Automatic;
				INFOPLIST_FILE = tip/Info.plist;
				LD_RUNPATH_SEARCH_PATHS = (
					"$(inherited)",
					"@executable_path/Frameworks",
				);
				PRODUCT_BUNDLE_IDENTIFIER = Codepath.tip;
				PRODUCT_NAME = "$(TARGET_NAME)";
				SWIFT_VERSION = 5.0;
				TARGETED_DEVICE_FAMILY = "1,2";
			};
			name = Debug;
		};
		10221C9024F5E70800322EC2 /* Release */ = {
			isa = XCBuildConfiguration;
			buildSettings = {
				ASSETCATALOG_COMPILER_APPICON_NAME = AppIcon;
				CODE_SIGN_STYLE = Automatic;
				INFOPLIST_FILE = tip/Info.plist;
				LD_RUNPATH_SEARCH_PATHS = (
					"$(inherited)",
					"@executable_path/Frameworks",
				);
				PRODUCT_BUNDLE_IDENTIFIER = Codepath.tip;
				PRODUCT_NAME = "$(TARGET_NAME)";
				SWIFT_VERSION = 5.0;
				TARGETED_DEVICE_FAMILY = "1,2";
			};
			name = Release;
		};
		10221C9224F5E70800322EC2 /* Debug */ = {
			isa = XCBuildConfiguration;
			buildSettings = {
				ALWAYS_EMBED_SWIFT_STANDARD_LIBRARIES = YES;
				BUNDLE_LOADER = "$(TEST_HOST)";
				CODE_SIGN_STYLE = Automatic;
				INFOPLIST_FILE = tipTests/Info.plist;
				IPHONEOS_DEPLOYMENT_TARGET = 13.6;
				LD_RUNPATH_SEARCH_PATHS = (
					"$(inherited)",
					"@executable_path/Frameworks",
					"@loader_path/Frameworks",
				);
				PRODUCT_BUNDLE_IDENTIFIER = Codepath.tipTests;
				PRODUCT_NAME = "$(TARGET_NAME)";
				SWIFT_VERSION = 5.0;
				TARGETED_DEVICE_FAMILY = "1,2";
				TEST_HOST = "$(BUILT_PRODUCTS_DIR)/tip.app/tip";
			};
			name = Debug;
		};
		10221C9324F5E70800322EC2 /* Release */ = {
			isa = XCBuildConfiguration;
			buildSettings = {
				ALWAYS_EMBED_SWIFT_STANDARD_LIBRARIES = YES;
				BUNDLE_LOADER = "$(TEST_HOST)";
				CODE_SIGN_STYLE = Automatic;
				INFOPLIST_FILE = tipTests/Info.plist;
				IPHONEOS_DEPLOYMENT_TARGET = 13.6;
				LD_RUNPATH_SEARCH_PATHS = (
					"$(inherited)",
					"@executable_path/Frameworks",
					"@loader_path/Frameworks",
				);
				PRODUCT_BUNDLE_IDENTIFIER = Codepath.tipTests;
				PRODUCT_NAME = "$(TARGET_NAME)";
				SWIFT_VERSION = 5.0;
				TARGETED_DEVICE_FAMILY = "1,2";
				TEST_HOST = "$(BUILT_PRODUCTS_DIR)/tip.app/tip";
			};
			name = Release;
		};
		10221C9524F5E70800322EC2 /* Debug */ = {
			isa = XCBuildConfiguration;
			buildSettings = {
				ALWAYS_EMBED_SWIFT_STANDARD_LIBRARIES = YES;
				CODE_SIGN_STYLE = Automatic;
				INFOPLIST_FILE = tipUITests/Info.plist;
				LD_RUNPATH_SEARCH_PATHS = (
					"$(inherited)",
					"@executable_path/Frameworks",
					"@loader_path/Frameworks",
				);
				PRODUCT_BUNDLE_IDENTIFIER = Codepath.tipUITests;
				PRODUCT_NAME = "$(TARGET_NAME)";
				SWIFT_VERSION = 5.0;
				TARGETED_DEVICE_FAMILY = "1,2";
				TEST_TARGET_NAME = tip;
			};
			name = Debug;
		};
		10221C9624F5E70800322EC2 /* Release */ = {
			isa = XCBuildConfiguration;
			buildSettings = {
				ALWAYS_EMBED_SWIFT_STANDARD_LIBRARIES = YES;
				CODE_SIGN_STYLE = Automatic;
				INFOPLIST_FILE = tipUITests/Info.plist;
				LD_RUNPATH_SEARCH_PATHS = (
					"$(inherited)",
					"@executable_path/Frameworks",
					"@loader_path/Frameworks",
				);
				PRODUCT_BUNDLE_IDENTIFIER = Codepath.tipUITests;
				PRODUCT_NAME = "$(TARGET_NAME)";
				SWIFT_VERSION = 5.0;
				TARGETED_DEVICE_FAMILY = "1,2";
				TEST_TARGET_NAME = tip;
			};
			name = Release;
		};
/* End XCBuildConfiguration section */

/* Begin XCConfigurationList section */
		10221C5F24F5E70600322EC2 /* Build configuration list for PBXProject "tip" */ = {
			isa = XCConfigurationList;
			buildConfigurations = (
				10221C8C24F5E70800322EC2 /* Debug */,
				10221C8D24F5E70800322EC2 /* Release */,
			);
			defaultConfigurationIsVisible = 0;
			defaultConfigurationName = Release;
		};
		10221C8E24F5E70800322EC2 /* Build configuration list for PBXNativeTarget "tip" */ = {
			isa = XCConfigurationList;
			buildConfigurations = (
				10221C8F24F5E70800322EC2 /* Debug */,
				10221C9024F5E70800322EC2 /* Release */,
			);
			defaultConfigurationIsVisible = 0;
			defaultConfigurationName = Release;
		};
		10221C9124F5E70800322EC2 /* Build configuration list for PBXNativeTarget "tipTests" */ = {
			isa = XCConfigurationList;
			buildConfigurations = (
				10221C9224F5E70800322EC2 /* Debug */,
				10221C9324F5E70800322EC2 /* Release */,
			);
			defaultConfigurationIsVisible = 0;
			defaultConfigurationName = Release;
		};
		10221C9424F5E70800322EC2 /* Build configuration list for PBXNativeTarget "tipUITests" */ = {
			isa = XCConfigurationList;
			buildConfigurations = (
				10221C9524F5E70800322EC2 /* Debug */,
				10221C9624F5E70800322EC2 /* Release */,
			);
			defaultConfigurationIsVisible = 0;
			defaultConfigurationName = Release;
		};
/* End XCConfigurationList section */
	};
	rootObject = 10221C5C24F5E70600322EC2 /* Project object */;
}
